{"SurveyEntry":{"SurveyID":"SV_7TAP4RhnyE3it3U","SurveyName":"Shafir (1993) (Problem 4) - 5.13.21","SurveyDescription":null,"SurveyOwnerID":"UR_7V89VgURFg4dpQ1","SurveyBrandID":"berkeley","DivisionID":"DV_bE4GVCKSvJJ2JYF","SurveyLanguage":"EN","SurveyActiveResponseSet":"RS_6mOyQ2luHUyVyCO","SurveyStatus":"Active","SurveyStartDate":"0000-00-00 00:00:00","SurveyExpirationDate":"0000-00-00 00:00:00","SurveyCreationDate":"2021-05-13 13:58:51","CreatorID":"UR_7V89VgURFg4dpQ1","LastModified":"2021-05-16 20:50:13","LastAccessed":"0000-00-00 00:00:00","LastActivated":"2021-05-13 14:41:37","Deleted":null},"SurveyElements":[{"SurveyID":"SV_7TAP4RhnyE3it3U","Element":"BL","PrimaryAttribute":"Survey Blocks","SecondaryAttribute":null,"TertiaryAttribute":null,"Payload":[{"Type":"Default","Description":"Intro","ID":"BL_aa77BwwBu5mfAG2","BlockElements":[{"Type":"Question","QuestionID":"QID1"}]},{"Type":"Trash","Description":"Trash \/ Unused Questions","ID":"BL_57lNEuLToJ7C2Vg","BlockElements":[]},{"Type":"Standard","SubType":"","Description":"english","ID":"BL_cIIwxh6bMlqR9cy","BlockElements":[{"Type":"Question","QuestionID":"QID2"}]},{"Type":"Standard","SubType":"","Description":"Choose","ID":"BL_0k1HHa2UVKjDoSq","BlockElements":[{"Type":"Question","QuestionID":"QID3"},{"Type":"Question","QuestionID":"QID5"}]},{"Type":"Standard","SubType":"","Description":"Reject","ID":"BL_e3rKmWLPe9Zcn1s","BlockElements":[{"Type":"Question","QuestionID":"QID4"},{"Type":"Question","QuestionID":"QID6"}]},{"Type":"Standard","SubType":"","Description":"Demographics","ID":"BL_06twbjTaOTQTiHI","BlockElements":[{"Type":"Question","QuestionID":"QID10"},{"Type":"Page Break"},{"Type":"Question","QuestionID":"QID7"},{"Type":"Question","QuestionID":"QID8"},{"Type":"Question","QuestionID":"QID9"}]}]},{"SurveyID":"SV_7TAP4RhnyE3it3U","Element":"FL","PrimaryAttribute":"Survey Flow","SecondaryAttribute":null,"TertiaryAttribute":null,"Payload":{"Type":"Root","FlowID":"FL_1","Flow":[{"Type":"Block","ID":"BL_aa77BwwBu5mfAG2","FlowID":"FL_2","Autofill":[]},{"Type":"Standard","ID":"BL_cIIwxh6bMlqR9cy","FlowID":"FL_3","Autofill":[]},{"Type":"BlockRandomizer","FlowID":"FL_7","SubSet":1,"Flow":[{"Type":"EmbeddedData","FlowID":"FL_8","EmbeddedData":[{"Description":"condition","Type":"Custom","Field":"condition","VariableType":"String","DataVisibility":[],"AnalyzeText":false,"Value":"1"}]},{"Type":"EmbeddedData","FlowID":"FL_9","EmbeddedData":[{"Description":"condition","Type":"Custom","Field":"condition","VariableType":"String","DataVisibility":[],"AnalyzeText":false,"Value":"2"}]}]},{"Type":"Branch","FlowID":"FL_10","Description":"New Branch","BranchLogic":{"0":{"0":{"LogicType":"EmbeddedField","LeftOperand":"condition","Operator":"EqualTo","RightOperand":"1","_HiddenExpression":false,"Type":"Expression","Description":"<span class=\"ConjDesc\">If<\/span>  <span class=\"LeftOpDesc\">condition<\/span> <span class=\"OpDesc\">Is Equal to<\/span> <span class=\"RightOpDesc\"> 1 <\/span>"},"Type":"If"},"Type":"BooleanExpression"},"Flow":[{"Type":"Standard","ID":"BL_0k1HHa2UVKjDoSq","FlowID":"FL_4","Autofill":[]}]},{"Type":"Branch","FlowID":"FL_11","Description":"New Branch","BranchLogic":{"0":{"0":{"LogicType":"EmbeddedField","LeftOperand":"condition","Operator":"EqualTo","RightOperand":"2","_HiddenExpression":false,"Type":"Expression","Description":"<span class=\"ConjDesc\">If<\/span>  <span class=\"LeftOpDesc\">condition<\/span> <span class=\"OpDesc\">Is Equal to<\/span> <span class=\"RightOpDesc\"> 2 <\/span>"},"Type":"If"},"Type":"BooleanExpression"},"Flow":[{"Type":"Standard","ID":"BL_e3rKmWLPe9Zcn1s","FlowID":"FL_5","Autofill":[]}]},{"Type":"Standard","ID":"BL_06twbjTaOTQTiHI","FlowID":"FL_6","Autofill":[]}],"Properties":{"Count":11,"RemovedFieldsets":[]}}},{"SurveyID":"SV_7TAP4RhnyE3it3U","Element":"SO","PrimaryAttribute":"Survey Options","SecondaryAttribute":null,"TertiaryAttribute":null,"Payload":{"BackButton":"false","SaveAndContinue":"true","SurveyProtection":"PublicSurvey","BallotBoxStuffingPrevention":"true","NoIndex":"Yes","SecureResponseFiles":"true","SurveyExpiration":null,"SurveyTermination":"DisplayMessage","Header":"","Footer":"","ProgressBarDisplay":"None","PartialData":"+1 week","ValidationMessage":null,"PreviousButton":" \u2190 ","NextButton":" \u2192 ","SurveyTitle":"Qualtrics Survey | Qualtrics Experience Management","SkinLibrary":"berkeley","SkinType":"MQ","Skin":"berkeley4","NewScoring":1,"EOSMessage":"MS_9RKDBpCOHR6ungW","ShowExportTags":"false","CollectGeoLocation":"false","SurveyMetaDescription":"The most powerful, simple and trusted way to gather experience data. Start your journey to experience management and try a free account today.","PasswordProtection":"No","AnonymizeResponse":"No","Password":"","RefererCheck":"No","RefererURL":"http:\/\/","BallotBoxStuffingPreventionBehavior":"DefaultMessage","BallotBoxStuffingPreventionMessage":"","BallotBoxStuffingPreventionMessageLibrary":"","BallotBoxStuffingPreventionURL":null,"RecaptchaV3":"false","ConfirmStart":false,"AutoConfirmStart":false,"RelevantID":"false","RelevantIDLockoutPeriod":"+30 days","UseCustomSurveyLinkCompletedMessage":null,"SurveyLinkCompletedMessage":"","SurveyLinkCompletedMessageLibrary":"","ResponseSummary":"No","EOSMessageLibrary":"UR_7V89VgURFg4dpQ1","EOSRedirectURL":"https:\/\/","EmailThankYou":"false","ThankYouEmailMessageLibrary":null,"ThankYouEmailMessage":null,"ValidateMessage":"false","ValidationMessageLibrary":null,"InactiveSurvey":"DefaultMessage","PartialDeletion":null,"PartialDataCloseAfter":"LastActivity","ActiveResponseSet":null,"InactiveMessageLibrary":"","InactiveMessage":"","AvailableLanguages":{"EN":[]},"ProtectSelectionIds":true}},{"SurveyID":"SV_7TAP4RhnyE3it3U","Element":"SCO","PrimaryAttribute":"Scoring","SecondaryAttribute":null,"TertiaryAttribute":null,"Payload":{"ScoringCategories":[],"ScoringCategoryGroups":[],"ScoringSummaryCategory":null,"ScoringSummaryAfterQuestions":0,"ScoringSummaryAfterSurvey":0,"DefaultScoringCategory":null,"AutoScoringCategory":null}},{"SurveyID":"SV_7TAP4RhnyE3it3U","Element":"PROJ","PrimaryAttribute":"CORE","SecondaryAttribute":null,"TertiaryAttribute":"1.1.0","Payload":{"ProjectCategory":"CORE","SchemaVersion":"1.1.0"}},{"SurveyID":"SV_7TAP4RhnyE3it3U","Element":"STAT","PrimaryAttribute":"Survey Statistics","SecondaryAttribute":null,"TertiaryAttribute":null,"Payload":{"MobileCompatible":true,"ID":"Survey Statistics"}},{"SurveyID":"SV_7TAP4RhnyE3it3U","Element":"SQ","PrimaryAttribute":"QID5","SecondaryAttribute":" ","TertiaryAttribute":null,"Payload":{"QuestionText":"&nbsp;","DataExportTag":"choose_dv","QuestionType":"MC","Selector":"SAHR","SubSelector":"TX","Configuration":{"QuestionDescriptionOption":"UseText","LabelPosition":"BELOW"},"QuestionDescription":" ","Choices":{"1":{"Display":"<span style=\"font-size:19px;\"><strong>Lottery 1:<\/strong><br \/>\nYou have a 50% chance to win $50, otherwise nothing.<\/span>"},"2":{"Display":"<span style=\"font-size:19px;\"><strong>Lottery 2:<\/strong><br \/>\nYou have an 80% chance to win $150, and a 20% chance to lose $10<\/span>"}},"ChoiceOrder":[1,2],"Validation":{"Settings":{"ForceResponse":"ON","ForceResponseType":"ON","Type":"None"}},"Language":[],"NextChoiceId":3,"NextAnswerId":1,"QuestionID":"QID5","Randomization":{"Advanced":null,"Type":"All","TotalRandSubset":""},"RecodeValues":{"1":"1","2":"2"}}},{"SurveyID":"SV_7TAP4RhnyE3it3U","Element":"SQ","PrimaryAttribute":"QID6","SecondaryAttribute":" ","TertiaryAttribute":null,"Payload":{"QuestionText":"&nbsp;","DataExportTag":"reject_dv","QuestionType":"MC","Selector":"SAHR","SubSelector":"TX","DataVisibility":{"Private":false,"Hidden":false},"Configuration":{"QuestionDescriptionOption":"UseText","LabelPosition":"BELOW"},"QuestionDescription":" ","Choices":{"1":{"Display":"<span style=\"font-size:19px;\"><strong>Lottery 1:<\/strong><br \/>\nYou have a 50% chance to win $50, otherwise nothing.<\/span>"},"2":{"Display":"<span style=\"font-size:19px;\"><strong>Lottery 2:<\/strong><br \/>\nYou have an 80% chance to win $150, and a 20% chance to lose $10<\/span>"}},"ChoiceOrder":[1,2],"Randomization":{"Advanced":null,"Type":"All","TotalRandSubset":""},"Validation":{"Settings":{"ForceResponse":"ON","ForceResponseType":"ON","Type":"None"}},"Language":[],"NextChoiceId":3,"NextAnswerId":1,"QuestionID":"QID6","RecodeValues":{"1":"1","2":"2"}}},{"SurveyID":"SV_7TAP4RhnyE3it3U","Element":"QC","PrimaryAttribute":"Survey Question Count","SecondaryAttribute":"10","TertiaryAttribute":null,"Payload":null},{"SurveyID":"SV_7TAP4RhnyE3it3U","Element":"RS","PrimaryAttribute":"RS_6mOyQ2luHUyVyCO","SecondaryAttribute":"Default Response Set","TertiaryAttribute":null,"Payload":null},{"SurveyID":"SV_7TAP4RhnyE3it3U","Element":"SQ","PrimaryAttribute":"QID8","SecondaryAttribute":"How old are you?","TertiaryAttribute":null,"Payload":{"QuestionText":"How old are you?","DefaultChoices":false,"DataExportTag":"age","QuestionID":"QID8","QuestionType":"TE","Selector":"SL","Configuration":{"QuestionDescriptionOption":"UseText"},"QuestionDescription":"How old are you?","Validation":{"Settings":{"ForceResponse":"ON","ForceResponseType":"ON","Type":"None"}},"GradingData":[],"Language":[],"NextChoiceId":4,"NextAnswerId":1,"SearchSource":{"AllowFreeResponse":"false"}}},{"SurveyID":"SV_7TAP4RhnyE3it3U","Element":"SQ","PrimaryAttribute":"QID4","SecondaryAttribute":"Imagine that you owned tickets to play the following two lotteries, but had to return one. Which...","TertiaryAttribute":null,"Payload":{"QuestionText":"<span style=\"font-size:19px;\">Imagine that you owned tickets to play the following two lotteries, but had to return one.<br \/>\n<br \/>\nWhich one would you <strong>prefer to give up<\/strong>?<\/span>","DefaultChoices":false,"DataExportTag":"reject","QuestionID":"QID4","QuestionType":"DB","Selector":"TB","Configuration":{"QuestionDescriptionOption":"UseText"},"QuestionDescription":"Imagine that you owned tickets to play the following two lotteries, but had to return one. Which...","ChoiceOrder":[],"Validation":{"Settings":{"Type":"None"}},"GradingData":[],"Language":[],"NextChoiceId":4,"NextAnswerId":1}},{"SurveyID":"SV_7TAP4RhnyE3it3U","Element":"SQ","PrimaryAttribute":"QID3","SecondaryAttribute":"Imagine that you were invited to play one of the following two lotteries. \u00a0 Which one would you p..","TertiaryAttribute":null,"Payload":{"QuestionText":"<span style=\"font-size:19px;\">Imagine that you were invited to play one of the following two lotteries.<\/span><div>&nbsp;<\/div>\n\n<div><span style=\"font-size:19px;\">Which one would you <strong>prefer<\/strong>?<\/span><\/div>","DefaultChoices":false,"DataExportTag":"choose","QuestionID":"QID3","QuestionType":"DB","Selector":"TB","Configuration":{"QuestionDescriptionOption":"UseText"},"QuestionDescription":"Imagine that you were invited to play one of the following two lotteries. \u00a0 Which one would you p...","ChoiceOrder":[],"Validation":{"Settings":{"Type":"None"}},"GradingData":[],"Language":[],"NextChoiceId":4,"NextAnswerId":1}},{"SurveyID":"SV_7TAP4RhnyE3it3U","Element":"SQ","PrimaryAttribute":"QID2","SecondaryAttribute":"Please identify three things that you see in this picture. \u00a0 (this is just to make sure that you...","TertiaryAttribute":null,"Payload":{"QuestionText":"<img src=\"https:\/\/berkeley.qualtrics.com\/CP\/Graphic.php?IM=IM_2fVNIBLTVybsWbA\" style=\"width: 749px; height: 502px;\" \/><br \/>\n<br \/>\n<span style=\"font-size:19px;\">Please identify three things that you see in this picture.<\/span>\n<div>&nbsp;<\/div>\n\n<div><span style=\"font-size:19px;\">(this is just to make sure that you speak English).<\/span><\/div>","DefaultChoices":false,"DataExportTag":"english","QuestionID":"QID2","QuestionType":"TE","Selector":"ESTB","Configuration":{"QuestionDescriptionOption":"UseText","InputWidth":680,"InputHeight":156},"QuestionDescription":"Please identify three things that you see in this picture. \u00a0 (this is just to make sure that you...","Validation":{"Settings":{"ForceResponse":"ON","ForceResponseType":"ON","Type":"None"}},"GradingData":[],"Language":[],"NextChoiceId":4,"NextAnswerId":1,"SearchSource":{"AllowFreeResponse":"false"}}},{"SurveyID":"SV_7TAP4RhnyE3it3U","Element":"SQ","PrimaryAttribute":"QID1","SecondaryAttribute":"Thank you for your participation in our research. \u00a0 This is a short survey on judgment and decisi..","TertiaryAttribute":null,"Payload":{"QuestionText":"<span style=\"font-size:19px;\">Thank you for your participation in our research.<\/span>\n<div>&nbsp;<\/div>\n\n<div><span style=\"font-size:19px;\">This is a short survey on judgment and decision-making. It will take no longer than 1 minute.<\/span><\/div>\n\n<div>&nbsp;<\/div>\n\n<div><span style=\"font-size:19px;\">Please pay attention and answer all of the questions to the best of your ability.<\/span><\/div>\n\n<div>&nbsp;<\/div>\n\n<div><span style=\"font-size:19px;\">At the end of the survey, there will be a question to make sure that you were paying attention.<\/span><\/div>\n\n<div>&nbsp;<\/div>\n\n<div><span style=\"font-size:19px;\">As long as you were paying attention, it will be very easy.<\/span><\/div>\n\n<div>&nbsp;<\/div>\n\n<div><span style=\"font-size:19px;\">Please click the &#39;&gt;&gt;&#39; to begin.<\/span><\/div>","DefaultChoices":false,"DataExportTag":"intro","QuestionID":"QID1","QuestionType":"DB","Selector":"TB","Configuration":{"QuestionDescriptionOption":"UseText"},"QuestionDescription":"Thank you for your participation in our research. \u00a0 This is a short survey on judgment and decisi...","ChoiceOrder":[],"Validation":{"Settings":{"Type":"None"}},"GradingData":[],"Language":[],"NextChoiceId":4,"NextAnswerId":1}},{"SurveyID":"SV_7TAP4RhnyE3it3U","Element":"SQ","PrimaryAttribute":"QID9","SecondaryAttribute":"What is your AMT ID number? (this is just if there are any issues with your payment)","TertiaryAttribute":null,"Payload":{"QuestionText":"What is your AMT ID number?<div><br><\/div><div><i>(this is just if there are any issues with your payment)<\/i><\/div>","DefaultChoices":false,"DataExportTag":"ID","QuestionID":"QID9","QuestionType":"TE","Selector":"SL","Configuration":{"QuestionDescriptionOption":"UseText"},"QuestionDescription":"What is your AMT ID number? (this is just if there are any issues with your payment)","Validation":{"Settings":{"ForceResponse":"ON","ForceResponseType":"ON","Type":"None"}},"GradingData":[],"Language":[],"NextChoiceId":4,"NextAnswerId":1,"SearchSource":{"AllowFreeResponse":"false"}}},{"SurveyID":"SV_7TAP4RhnyE3it3U","Element":"SQ","PrimaryAttribute":"QID7","SecondaryAttribute":"What is your gender?","TertiaryAttribute":null,"Payload":{"QuestionText":"What is your gender?","DataExportTag":"gender","QuestionType":"MC","Selector":"SAVR","SubSelector":"TX","Configuration":{"QuestionDescriptionOption":"UseText"},"QuestionDescription":"What is your gender?","Choices":{"1":{"Display":"Male"},"2":{"Display":"Female"},"3":{"Display":"Non-binary \/ third gender"}},"ChoiceOrder":[1,2,3],"Validation":{"Settings":{"ForceResponse":"ON","ForceResponseType":"ON","Type":"None"}},"Language":[],"NextChoiceId":4,"NextAnswerId":1,"QuestionID":"QID7"}},{"SurveyID":"SV_7TAP4RhnyE3it3U","Element":"SQ","PrimaryAttribute":"QID10","SecondaryAttribute":"Which of the following best describes what you did in this survey?","TertiaryAttribute":null,"Payload":{"QuestionText":"Which of the following best describes what you did in this survey?","DataExportTag":"AC","QuestionType":"MC","Selector":"SAVR","SubSelector":"TX","Configuration":{"QuestionDescriptionOption":"UseText"},"QuestionDescription":"Which of the following best describes what you did in this survey?","Choices":{"1":{"Display":"I saw two lotteries. I indicated which I preferred."},"2":{"Display":"I owned tickets to two lotteries. I indicated which ticket I preferred to give up."},"3":{"Display":"I saw a ten different lotteries. I indicated which ones I would reject."},"4":{"Display":"I saw a series of gambles about horse races, and I indicated which I preferred."}},"ChoiceOrder":[1,2,3,4],"Validation":{"Settings":{"ForceResponse":"ON","ForceResponseType":"ON","Type":"None"}},"Language":[],"NextChoiceId":5,"NextAnswerId":1,"QuestionID":"QID10"}}]}